
Microsoft Visual Studio Solution File, Format Version 12.00
# Visual Studio Version 17
VisualStudioVersion = 17.14.36127.28 d17.14
MinimumVisualStudioVersion = 10.0.40219.1
Project("{FAE04EC0-301F-11D3-BF4B-00C04F79EFBC}") = "SmartCrossing", "SmartCrossing\SmartCrossing.csproj", "{583943D0-2A61-4054-A420-0D3DB07981A3}"
EndProject
Global
	GlobalSection(SolutionConfigurationPlatforms) = preSolution
		Debug|Any CPU = Debug|Any CPU
		Release|Any CPU = Release|Any CPU
	EndGlobalSection
	GlobalSection(ProjectConfigurationPlatforms) = postSolution
		{583943D0-2A61-4054-A420-0D3DB07981A3}.Debug|Any CPU.ActiveCfg = Debug|Any CPU
		{583943D0-2A61-4054-A420-0D3DB07981A3}.Debug|Any CPU.Build.0 = Debug|Any CPU
		{583943D0-2A61-4054-A420-0D3DB07981A3}.Release|Any CPU.ActiveCfg = Release|Any CPU
		{583943D0-2A61-4054-A420-0D3DB07981A3}.Release|Any CPU.Build.0 = Release|Any CPU
	EndGlobalSection
	GlobalSection(SolutionProperties) = preSolution
		HideSolutionNode = FALSE
	EndGlobalSection
	GlobalSection(ExtensibilityGlobals) = postSolution
		SolutionGuid = {1C5D3CEE-A104-4371-B36E-568E313D9F79}
	EndGlobalSection
EndGlobal
